
Microsoft Visual Studio Solution File, Format Version 12.00
# Visual Studio Version 17
VisualStudioVersion = 17.13.35913.81 d17.13
MinimumVisualStudioVersion = 10.0.40219.1
Project("{FAE04EC0-301F-11D3-BF4B-00C04F79EFBC}") = "20250414", "20250414.csproj", "{B95EE83D-3D3D-4561-8692-D3F287AE7E9F}"
EndProject
Global
	GlobalSection(SolutionConfigurationPlatforms) = preSolution
		Debug|Any CPU = Debug|Any CPU
		Release|Any CPU = Release|Any CPU
	EndGlobalSection
	GlobalSection(ProjectConfigurationPlatforms) = postSolution
		{B95EE83D-3D3D-4561-8692-D3F287AE7E9F}.Debug|Any CPU.ActiveCfg = Debug|Any CPU
		{B95EE83D-3D3D-4561-8692-D3F287AE7E9F}.Debug|Any CPU.Build.0 = Debug|Any CPU
		{B95EE83D-3D3D-4561-8692-D3F287AE7E9F}.Release|Any CPU.ActiveCfg = Release|Any CPU
		{B95EE83D-3D3D-4561-8692-D3F287AE7E9F}.Release|Any CPU.Build.0 = Release|Any CPU
	EndGlobalSection
	GlobalSection(SolutionProperties) = preSolution
		HideSolutionNode = FALSE
	EndGlobalSection
	GlobalSection(ExtensibilityGlobals) = postSolution
		SolutionGuid = {D4B9BBC3-C3CC-4C0E-9C1B-46AA767BDDE9}
	EndGlobalSection
EndGlobal
