
Microsoft Visual Studio Solution File, Format Version 12.00
# Visual Studio Version 17
VisualStudioVersion = 17.13.35913.81 d17.13
MinimumVisualStudioVersion = 10.0.40219.1
Project("{FAE04EC0-301F-11D3-BF4B-00C04F79EFBC}") = "20250411", "20250411.csproj", "{429187AF-F1EA-453D-BDF0-8FC08DCB28A7}"
EndProject
Project("{FAE04EC0-301F-11D3-BF4B-00C04F79EFBC}") = "SeparateFile", "SeparateFile\SeparateFile.csproj", "{65909F50-32E6-40A5-BCF7-74BBC3CCD96F}"
EndProject
Global
	GlobalSection(SolutionConfigurationPlatforms) = preSolution
		Debug|Any CPU = Debug|Any CPU
		Release|Any CPU = Release|Any CPU
	EndGlobalSection
	GlobalSection(ProjectConfigurationPlatforms) = postSolution
		{429187AF-F1EA-453D-BDF0-8FC08DCB28A7}.Debug|Any CPU.ActiveCfg = Debug|Any CPU
		{429187AF-F1EA-453D-BDF0-8FC08DCB28A7}.Debug|Any CPU.Build.0 = Debug|Any CPU
		{429187AF-F1EA-453D-BDF0-8FC08DCB28A7}.Release|Any CPU.ActiveCfg = Release|Any CPU
		{429187AF-F1EA-453D-BDF0-8FC08DCB28A7}.Release|Any CPU.Build.0 = Release|Any CPU
		{65909F50-32E6-40A5-BCF7-74BBC3CCD96F}.Debug|Any CPU.ActiveCfg = Debug|Any CPU
		{65909F50-32E6-40A5-BCF7-74BBC3CCD96F}.Debug|Any CPU.Build.0 = Debug|Any CPU
		{65909F50-32E6-40A5-BCF7-74BBC3CCD96F}.Release|Any CPU.ActiveCfg = Release|Any CPU
		{65909F50-32E6-40A5-BCF7-74BBC3CCD96F}.Release|Any CPU.Build.0 = Release|Any CPU
	EndGlobalSection
	GlobalSection(SolutionProperties) = preSolution
		HideSolutionNode = FALSE
	EndGlobalSection
	GlobalSection(ExtensibilityGlobals) = postSolution
		SolutionGuid = {AAA8692D-3B69-42E6-A3CF-4AFE9F24EA05}
	EndGlobalSection
EndGlobal
