
Microsoft Visual Studio Solution File, Format Version 12.00
# Visual Studio Version 17
VisualStudioVersion = 17.13.35913.81 d17.13
MinimumVisualStudioVersion = 10.0.40219.1
Project("{FAE04EC0-301F-11D3-BF4B-00C04F79EFBC}") = "20250402_Poker", "20250402_Poker\20250402_Poker.csproj", "{6C074DAE-DB0F-4403-8591-785A5E475501}"
EndProject
Global
	GlobalSection(SolutionConfigurationPlatforms) = preSolution
		Debug|Any CPU = Debug|Any CPU
		Release|Any CPU = Release|Any CPU
	EndGlobalSection
	GlobalSection(ProjectConfigurationPlatforms) = postSolution
		{6C074DAE-DB0F-4403-8591-785A5E475501}.Debug|Any CPU.ActiveCfg = Debug|Any CPU
		{6C074DAE-DB0F-4403-8591-785A5E475501}.Debug|Any CPU.Build.0 = Debug|Any CPU
		{6C074DAE-DB0F-4403-8591-785A5E475501}.Release|Any CPU.ActiveCfg = Release|Any CPU
		{6C074DAE-DB0F-4403-8591-785A5E475501}.Release|Any CPU.Build.0 = Release|Any CPU
	EndGlobalSection
	GlobalSection(SolutionProperties) = preSolution
		HideSolutionNode = FALSE
	EndGlobalSection
	GlobalSection(ExtensibilityGlobals) = postSolution
		SolutionGuid = {EF80AD13-3646-44A0-978D-3D0CB21451A7}
	EndGlobalSection
EndGlobal
